
Microsoft Visual Studio Solution File, Format Version 12.00
# Visual Studio Version 17
VisualStudioVersion = 17.4.33205.214
MinimumVisualStudioVersion = 10.0.40219.1
Project("{FAE04EC0-301F-11D3-BF4B-00C04F79EFBC}") = "Exercise8", "Exercise8.csproj", "{9917CD9A-C6BB-4426-B3BF-1DFA15D72C8C}"
EndProject
Global
	GlobalSection(SolutionConfigurationPlatforms) = preSolution
		Debug|Any CPU = Debug|Any CPU
		Release|Any CPU = Release|Any CPU
	EndGlobalSection
	GlobalSection(ProjectConfigurationPlatforms) = postSolution
		{9917CD9A-C6BB-4426-B3BF-1DFA15D72C8C}.Debug|Any CPU.ActiveCfg = Debug|Any CPU
		{9917CD9A-C6BB-4426-B3BF-1DFA15D72C8C}.Debug|Any CPU.Build.0 = Debug|Any CPU
		{9917CD9A-C6BB-4426-B3BF-1DFA15D72C8C}.Release|Any CPU.ActiveCfg = Release|Any CPU
		{9917CD9A-C6BB-4426-B3BF-1DFA15D72C8C}.Release|Any CPU.Build.0 = Release|Any CPU
	EndGlobalSection
	GlobalSection(SolutionProperties) = preSolution
		HideSolutionNode = FALSE
	EndGlobalSection
	GlobalSection(ExtensibilityGlobals) = postSolution
		SolutionGuid = {228BAAC2-E060-4945-9B91-CD0674B61582}
	EndGlobalSection
EndGlobal
