
Microsoft Visual Studio Solution File, Format Version 12.00
# Visual Studio Version 17
VisualStudioVersion = 17.4.33205.214
MinimumVisualStudioVersion = 10.0.40219.1
Project("{FAE04EC0-301F-11D3-BF4B-00C04F79EFBC}") = "Exercise6", "Exercise6.csproj", "{F7C74CA9-C77F-4B56-BC82-BF971461C58C}"
EndProject
Global
	GlobalSection(SolutionConfigurationPlatforms) = preSolution
		Debug|Any CPU = Debug|Any CPU
		Release|Any CPU = Release|Any CPU
	EndGlobalSection
	GlobalSection(ProjectConfigurationPlatforms) = postSolution
		{F7C74CA9-C77F-4B56-BC82-BF971461C58C}.Debug|Any CPU.ActiveCfg = Debug|Any CPU
		{F7C74CA9-C77F-4B56-BC82-BF971461C58C}.Debug|Any CPU.Build.0 = Debug|Any CPU
		{F7C74CA9-C77F-4B56-BC82-BF971461C58C}.Release|Any CPU.ActiveCfg = Release|Any CPU
		{F7C74CA9-C77F-4B56-BC82-BF971461C58C}.Release|Any CPU.Build.0 = Release|Any CPU
	EndGlobalSection
	GlobalSection(SolutionProperties) = preSolution
		HideSolutionNode = FALSE
	EndGlobalSection
	GlobalSection(ExtensibilityGlobals) = postSolution
		SolutionGuid = {5C1BF1D3-E2C5-48BC-8397-0D3B09101A28}
	EndGlobalSection
EndGlobal
