
Microsoft Visual Studio Solution File, Format Version 12.00
# Visual Studio Version 17
VisualStudioVersion = 17.4.33205.214
MinimumVisualStudioVersion = 10.0.40219.1
Project("{FAE04EC0-301F-11D3-BF4B-00C04F79EFBC}") = "Exercise6", "Exercise6.csproj", "{D3EB47CF-B236-44AF-A810-C60C1261C092}"
EndProject
Global
	GlobalSection(SolutionConfigurationPlatforms) = preSolution
		Debug|Any CPU = Debug|Any CPU
		Release|Any CPU = Release|Any CPU
	EndGlobalSection
	GlobalSection(ProjectConfigurationPlatforms) = postSolution
		{D3EB47CF-B236-44AF-A810-C60C1261C092}.Debug|Any CPU.ActiveCfg = Debug|Any CPU
		{D3EB47CF-B236-44AF-A810-C60C1261C092}.Debug|Any CPU.Build.0 = Debug|Any CPU
		{D3EB47CF-B236-44AF-A810-C60C1261C092}.Release|Any CPU.ActiveCfg = Release|Any CPU
		{D3EB47CF-B236-44AF-A810-C60C1261C092}.Release|Any CPU.Build.0 = Release|Any CPU
	EndGlobalSection
	GlobalSection(SolutionProperties) = preSolution
		HideSolutionNode = FALSE
	EndGlobalSection
	GlobalSection(ExtensibilityGlobals) = postSolution
		SolutionGuid = {F8ECCD6E-F6D2-448B-96F4-FE26F61CC9CD}
	EndGlobalSection
EndGlobal
