
Microsoft Visual Studio Solution File, Format Version 12.00
# Visual Studio Version 17
VisualStudioVersion = 17.4.33205.214
MinimumVisualStudioVersion = 10.0.40219.1
Project("{FAE04EC0-301F-11D3-BF4B-00C04F79EFBC}") = "Exercise5", "Exercise5.csproj", "{4BB32731-0A55-41BB-AF81-F68660CC66B5}"
EndProject
Global
	GlobalSection(SolutionConfigurationPlatforms) = preSolution
		Debug|Any CPU = Debug|Any CPU
		Release|Any CPU = Release|Any CPU
	EndGlobalSection
	GlobalSection(ProjectConfigurationPlatforms) = postSolution
		{4BB32731-0A55-41BB-AF81-F68660CC66B5}.Debug|Any CPU.ActiveCfg = Debug|Any CPU
		{4BB32731-0A55-41BB-AF81-F68660CC66B5}.Debug|Any CPU.Build.0 = Debug|Any CPU
		{4BB32731-0A55-41BB-AF81-F68660CC66B5}.Release|Any CPU.ActiveCfg = Release|Any CPU
		{4BB32731-0A55-41BB-AF81-F68660CC66B5}.Release|Any CPU.Build.0 = Release|Any CPU
	EndGlobalSection
	GlobalSection(SolutionProperties) = preSolution
		HideSolutionNode = FALSE
	EndGlobalSection
	GlobalSection(ExtensibilityGlobals) = postSolution
		SolutionGuid = {8BE9F849-DC4B-4539-B8B0-7E041E7130A7}
	EndGlobalSection
EndGlobal
