
Microsoft Visual Studio Solution File, Format Version 12.00
# Visual Studio Version 17
VisualStudioVersion = 17.4.33205.214
MinimumVisualStudioVersion = 10.0.40219.1
Project("{FAE04EC0-301F-11D3-BF4B-00C04F79EFBC}") = "Exercise4", "Exercise4.csproj", "{E79FBE99-3C2E-462D-B5C0-31BA018F87D2}"
EndProject
Global
	GlobalSection(SolutionConfigurationPlatforms) = preSolution
		Debug|Any CPU = Debug|Any CPU
		Release|Any CPU = Release|Any CPU
	EndGlobalSection
	GlobalSection(ProjectConfigurationPlatforms) = postSolution
		{E79FBE99-3C2E-462D-B5C0-31BA018F87D2}.Debug|Any CPU.ActiveCfg = Debug|Any CPU
		{E79FBE99-3C2E-462D-B5C0-31BA018F87D2}.Debug|Any CPU.Build.0 = Debug|Any CPU
		{E79FBE99-3C2E-462D-B5C0-31BA018F87D2}.Release|Any CPU.ActiveCfg = Release|Any CPU
		{E79FBE99-3C2E-462D-B5C0-31BA018F87D2}.Release|Any CPU.Build.0 = Release|Any CPU
	EndGlobalSection
	GlobalSection(SolutionProperties) = preSolution
		HideSolutionNode = FALSE
	EndGlobalSection
	GlobalSection(ExtensibilityGlobals) = postSolution
		SolutionGuid = {B538C602-5FE5-4C44-9A46-B359D2D0D62D}
	EndGlobalSection
EndGlobal
