
Microsoft Visual Studio Solution File, Format Version 12.00
# Visual Studio Version 17
VisualStudioVersion = 17.4.33205.214
MinimumVisualStudioVersion = 10.0.40219.1
Project("{FAE04EC0-301F-11D3-BF4B-00C04F79EFBC}") = "Exercise7", "Exercise7.csproj", "{FFB15A66-29DE-46EA-B33F-F3E1D6582B39}"
EndProject
Global
	GlobalSection(SolutionConfigurationPlatforms) = preSolution
		Debug|Any CPU = Debug|Any CPU
		Release|Any CPU = Release|Any CPU
	EndGlobalSection
	GlobalSection(ProjectConfigurationPlatforms) = postSolution
		{FFB15A66-29DE-46EA-B33F-F3E1D6582B39}.Debug|Any CPU.ActiveCfg = Debug|Any CPU
		{FFB15A66-29DE-46EA-B33F-F3E1D6582B39}.Debug|Any CPU.Build.0 = Debug|Any CPU
		{FFB15A66-29DE-46EA-B33F-F3E1D6582B39}.Release|Any CPU.ActiveCfg = Release|Any CPU
		{FFB15A66-29DE-46EA-B33F-F3E1D6582B39}.Release|Any CPU.Build.0 = Release|Any CPU
	EndGlobalSection
	GlobalSection(SolutionProperties) = preSolution
		HideSolutionNode = FALSE
	EndGlobalSection
	GlobalSection(ExtensibilityGlobals) = postSolution
		SolutionGuid = {FFA7FD6A-9BAF-4273-9240-F7786E237276}
	EndGlobalSection
EndGlobal
