
Microsoft Visual Studio Solution File, Format Version 12.00
# Visual Studio Version 17
VisualStudioVersion = 17.4.33205.214
MinimumVisualStudioVersion = 10.0.40219.1
Project("{FAE04EC0-301F-11D3-BF4B-00C04F79EFBC}") = "Exercise6", "Exercise6.csproj", "{471BF556-8434-464F-904B-04D475844BF1}"
EndProject
Global
	GlobalSection(SolutionConfigurationPlatforms) = preSolution
		Debug|Any CPU = Debug|Any CPU
		Release|Any CPU = Release|Any CPU
	EndGlobalSection
	GlobalSection(ProjectConfigurationPlatforms) = postSolution
		{471BF556-8434-464F-904B-04D475844BF1}.Debug|Any CPU.ActiveCfg = Debug|Any CPU
		{471BF556-8434-464F-904B-04D475844BF1}.Debug|Any CPU.Build.0 = Debug|Any CPU
		{471BF556-8434-464F-904B-04D475844BF1}.Release|Any CPU.ActiveCfg = Release|Any CPU
		{471BF556-8434-464F-904B-04D475844BF1}.Release|Any CPU.Build.0 = Release|Any CPU
	EndGlobalSection
	GlobalSection(SolutionProperties) = preSolution
		HideSolutionNode = FALSE
	EndGlobalSection
	GlobalSection(ExtensibilityGlobals) = postSolution
		SolutionGuid = {A31A5F4C-4EBA-4C2D-ACC9-64E0EFBAAE47}
	EndGlobalSection
EndGlobal
