
Microsoft Visual Studio Solution File, Format Version 12.00
# Visual Studio Version 17
VisualStudioVersion = 17.5.33414.496
MinimumVisualStudioVersion = 10.0.40219.1
Project("{FAE04EC0-301F-11D3-BF4B-00C04F79EFBC}") = "Exercise6", "Exercise6.csproj", "{EBAB0122-1EF0-433A-A345-114C963D1B39}"
EndProject
Global
	GlobalSection(SolutionConfigurationPlatforms) = preSolution
		Debug|Any CPU = Debug|Any CPU
		Release|Any CPU = Release|Any CPU
	EndGlobalSection
	GlobalSection(ProjectConfigurationPlatforms) = postSolution
		{EBAB0122-1EF0-433A-A345-114C963D1B39}.Debug|Any CPU.ActiveCfg = Debug|Any CPU
		{EBAB0122-1EF0-433A-A345-114C963D1B39}.Debug|Any CPU.Build.0 = Debug|Any CPU
		{EBAB0122-1EF0-433A-A345-114C963D1B39}.Release|Any CPU.ActiveCfg = Release|Any CPU
		{EBAB0122-1EF0-433A-A345-114C963D1B39}.Release|Any CPU.Build.0 = Release|Any CPU
	EndGlobalSection
	GlobalSection(SolutionProperties) = preSolution
		HideSolutionNode = FALSE
	EndGlobalSection
	GlobalSection(ExtensibilityGlobals) = postSolution
		SolutionGuid = {66C50606-FEA8-400D-9AEF-1C212F451CB7}
	EndGlobalSection
EndGlobal
